
Microsoft Visual Studio Solution File, Format Version 12.00
# Visual Studio 15
VisualStudioVersion = 15.0.27130.2010
MinimumVisualStudioVersion = 10.0.40219.1
Project("{FAE04EC0-301F-11D3-BF4B-00C04F79EFBC}") = "PCD_Combinder", "PCD_Combinder\PCD_Combinder.csproj", "{309032B4-4558-4B83-AEFC-3A924B182816}"
EndProject
Global
	GlobalSection(SolutionConfigurationPlatforms) = preSolution
		Debug|Any CPU = Debug|Any CPU
		Release|Any CPU = Release|Any CPU
	EndGlobalSection
	GlobalSection(ProjectConfigurationPlatforms) = postSolution
		{309032B4-4558-4B83-AEFC-3A924B182816}.Debug|Any CPU.ActiveCfg = Debug|Any CPU
		{309032B4-4558-4B83-AEFC-3A924B182816}.Debug|Any CPU.Build.0 = Debug|Any CPU
		{309032B4-4558-4B83-AEFC-3A924B182816}.Release|Any CPU.ActiveCfg = Release|Any CPU
		{309032B4-4558-4B83-AEFC-3A924B182816}.Release|Any CPU.Build.0 = Release|Any CPU
	EndGlobalSection
	GlobalSection(SolutionProperties) = preSolution
		HideSolutionNode = FALSE
	EndGlobalSection
	GlobalSection(ExtensibilityGlobals) = postSolution
		SolutionGuid = {F936CFAA-351F-4D2D-BDF3-C146A0DD286E}
	EndGlobalSection
EndGlobal
